
Microsoft Visual Studio Solution File, Format Version 12.00
# Visual Studio Version 17
VisualStudioVersion = 17.14.36401.2 d17.14
MinimumVisualStudioVersion = 10.0.40219.1
Project("{2150E333-8FDC-42A3-9474-1A3956D46DE8}") = "src", "src", "{02EA681E-C7D8-13C7-8484-4AC65E1B71E8}"
EndProject
Project("{2150E333-8FDC-42A3-9474-1A3956D46DE8}") = "Backend", "Backend", "{0BAEA155-E276-4F56-96DD-BD4901DF86E0}"
EndProject
Project("{2150E333-8FDC-42A3-9474-1A3956D46DE8}") = "Shared", "Shared", "{7383A285-D0C1-4AC2-B2C3-82023EAEDB23}"
EndProject
Project("{FAE04EC0-301F-11D3-BF4B-00C04F79EFBC}") = "MyRecipeBook.API", "src\Backend\MyRecipeBook.API\MyRecipeBook.API.csproj", "{44ABE71A-20F5-4124-A618-CA95B23E6CE4}"
EndProject
Project("{FAE04EC0-301F-11D3-BF4B-00C04F79EFBC}") = "MyRecipeBook.Application", "src\Backend\MyRecipeBook.Application\MyRecipeBook.Application.csproj", "{4E73E545-F1AB-4A96-A2DB-17800C009186}"
EndProject
Project("{FAE04EC0-301F-11D3-BF4B-00C04F79EFBC}") = "MyRecipeBook.Domain", "src\Backend\MyRecipeBook.Domain\MyRecipeBook.Domain.csproj", "{8FE737DD-B05E-4FCF-92A6-C7531351832C}"
EndProject
Project("{FAE04EC0-301F-11D3-BF4B-00C04F79EFBC}") = "MyRecipeBook.Infra", "src\Backend\MyRecipeBook.Infra\MyRecipeBook.Infra.csproj", "{213F7CCE-8245-4AB3-B282-C30EE09CA675}"
EndProject
Project("{FAE04EC0-301F-11D3-BF4B-00C04F79EFBC}") = "MyRecipeBook.Communication", "src\Shared\MyRecipeBook.Communication\MyRecipeBook.Communication.csproj", "{03C5D3FA-5408-4588-A053-FD7A8353ED10}"
EndProject
Project("{FAE04EC0-301F-11D3-BF4B-00C04F79EFBC}") = "MyRecipeBook.Exception", "src\Shared\MyRecipeBook.Exception\MyRecipeBook.Exception.csproj", "{B090339D-2C22-4519-B657-DE2939C21C5F}"
EndProject
Global
	GlobalSection(SolutionConfigurationPlatforms) = preSolution
		Debug|Any CPU = Debug|Any CPU
		Release|Any CPU = Release|Any CPU
	EndGlobalSection
	GlobalSection(ProjectConfigurationPlatforms) = postSolution
		{44ABE71A-20F5-4124-A618-CA95B23E6CE4}.Debug|Any CPU.ActiveCfg = Debug|Any CPU
		{44ABE71A-20F5-4124-A618-CA95B23E6CE4}.Debug|Any CPU.Build.0 = Debug|Any CPU
		{44ABE71A-20F5-4124-A618-CA95B23E6CE4}.Release|Any CPU.ActiveCfg = Release|Any CPU
		{44ABE71A-20F5-4124-A618-CA95B23E6CE4}.Release|Any CPU.Build.0 = Release|Any CPU
		{4E73E545-F1AB-4A96-A2DB-17800C009186}.Debug|Any CPU.ActiveCfg = Debug|Any CPU
		{4E73E545-F1AB-4A96-A2DB-17800C009186}.Debug|Any CPU.Build.0 = Debug|Any CPU
		{4E73E545-F1AB-4A96-A2DB-17800C009186}.Release|Any CPU.ActiveCfg = Release|Any CPU
		{4E73E545-F1AB-4A96-A2DB-17800C009186}.Release|Any CPU.Build.0 = Release|Any CPU
		{8FE737DD-B05E-4FCF-92A6-C7531351832C}.Debug|Any CPU.ActiveCfg = Debug|Any CPU
		{8FE737DD-B05E-4FCF-92A6-C7531351832C}.Debug|Any CPU.Build.0 = Debug|Any CPU
		{8FE737DD-B05E-4FCF-92A6-C7531351832C}.Release|Any CPU.ActiveCfg = Release|Any CPU
		{8FE737DD-B05E-4FCF-92A6-C7531351832C}.Release|Any CPU.Build.0 = Release|Any CPU
		{213F7CCE-8245-4AB3-B282-C30EE09CA675}.Debug|Any CPU.ActiveCfg = Debug|Any CPU
		{213F7CCE-8245-4AB3-B282-C30EE09CA675}.Debug|Any CPU.Build.0 = Debug|Any CPU
		{213F7CCE-8245-4AB3-B282-C30EE09CA675}.Release|Any CPU.ActiveCfg = Release|Any CPU
		{213F7CCE-8245-4AB3-B282-C30EE09CA675}.Release|Any CPU.Build.0 = Release|Any CPU
		{03C5D3FA-5408-4588-A053-FD7A8353ED10}.Debug|Any CPU.ActiveCfg = Debug|Any CPU
		{03C5D3FA-5408-4588-A053-FD7A8353ED10}.Debug|Any CPU.Build.0 = Debug|Any CPU
		{03C5D3FA-5408-4588-A053-FD7A8353ED10}.Release|Any CPU.ActiveCfg = Release|Any CPU
		{03C5D3FA-5408-4588-A053-FD7A8353ED10}.Release|Any CPU.Build.0 = Release|Any CPU
		{B090339D-2C22-4519-B657-DE2939C21C5F}.Debug|Any CPU.ActiveCfg = Debug|Any CPU
		{B090339D-2C22-4519-B657-DE2939C21C5F}.Debug|Any CPU.Build.0 = Debug|Any CPU
		{B090339D-2C22-4519-B657-DE2939C21C5F}.Release|Any CPU.ActiveCfg = Release|Any CPU
		{B090339D-2C22-4519-B657-DE2939C21C5F}.Release|Any CPU.Build.0 = Release|Any CPU
	EndGlobalSection
	GlobalSection(SolutionProperties) = preSolution
		HideSolutionNode = FALSE
	EndGlobalSection
	GlobalSection(NestedProjects) = preSolution
		{0BAEA155-E276-4F56-96DD-BD4901DF86E0} = {02EA681E-C7D8-13C7-8484-4AC65E1B71E8}
		{7383A285-D0C1-4AC2-B2C3-82023EAEDB23} = {02EA681E-C7D8-13C7-8484-4AC65E1B71E8}
		{44ABE71A-20F5-4124-A618-CA95B23E6CE4} = {0BAEA155-E276-4F56-96DD-BD4901DF86E0}
		{4E73E545-F1AB-4A96-A2DB-17800C009186} = {0BAEA155-E276-4F56-96DD-BD4901DF86E0}
		{8FE737DD-B05E-4FCF-92A6-C7531351832C} = {0BAEA155-E276-4F56-96DD-BD4901DF86E0}
		{213F7CCE-8245-4AB3-B282-C30EE09CA675} = {0BAEA155-E276-4F56-96DD-BD4901DF86E0}
		{03C5D3FA-5408-4588-A053-FD7A8353ED10} = {7383A285-D0C1-4AC2-B2C3-82023EAEDB23}
		{B090339D-2C22-4519-B657-DE2939C21C5F} = {7383A285-D0C1-4AC2-B2C3-82023EAEDB23}
	EndGlobalSection
	GlobalSection(ExtensibilityGlobals) = postSolution
		SolutionGuid = {EEB5A3C1-DA5D-4798-A879-2E3CC6471F81}
	EndGlobalSection
EndGlobal
